
Microsoft Visual Studio Solution File, Format Version 10.00
# Visual Studio 2008
Project("{FAE04EC0-301F-11D3-BF4B-00C04F79EFBC}") = "EylülOdev2", "EylülOdev2\EylülOdev2.csproj", "{854BE202-681F-48D2-B257-FD0E5BB1F06A}"
EndProject
Global
	GlobalSection(SolutionConfigurationPlatforms) = preSolution
		Debug|Any CPU = Debug|Any CPU
		Release|Any CPU = Release|Any CPU
	EndGlobalSection
	GlobalSection(ProjectConfigurationPlatforms) = postSolution
		{854BE202-681F-48D2-B257-FD0E5BB1F06A}.Debug|Any CPU.ActiveCfg = Debug|Any CPU
		{854BE202-681F-48D2-B257-FD0E5BB1F06A}.Debug|Any CPU.Build.0 = Debug|Any CPU
		{854BE202-681F-48D2-B257-FD0E5BB1F06A}.Release|Any CPU.ActiveCfg = Release|Any CPU
		{854BE202-681F-48D2-B257-FD0E5BB1F06A}.Release|Any CPU.Build.0 = Release|Any CPU
	EndGlobalSection
	GlobalSection(SolutionProperties) = preSolution
		HideSolutionNode = FALSE
	EndGlobalSection
EndGlobal
